github.com/ViBiOh/httputils/v4 v4.29.1 h1:knSGVlO8ht5vuy5JU8ezPKGtqvBQjxi/IsZ9zowgLKE=
github.com/ViBiOh/httputils/v4 v4.29.1/go.mod h1:r4OWjqIH9F9UG0irKIeNSHMWtdk/AzlXpnMHtpKQ7yo=
github.com/golang/mock v1.6.0 h1:ErTB+efbowRARo13NNdxyJji2egdxLGQhRaY+DUumQc=
github.com/jackc/chunkreader/v2 v2.0.1 h1:i+RDz65UE+mmpjTfyz0MoVTnzeYxroil2G82ki7MGG8=
github.com/jackc/pgconn v1.10.0 h1:4EYhlDVEMsJ30nNj0mmgwIUXoq7e9sMJrVC2ED6QlCU=
github.com/jackc/pgio v1.0.0 h1:g12B9UwVnzGhueNavwioyEEpAmqMe1E/BN9ES+8ovkE=
github.com/jackc/pgpassfile v1.0.0 h1:/6Hmqy13Ss2zCq62VdNG8tM1wchn8zjSGOBJ6icpsIM=
github.com/jackc/pgproto3/v2 v2.1.1 h1:7PQ/4gLoqnl87ZxL7xjO0DR5gYuviDCZxQJsUlFW1eI=
github.com/jackc/pgservicefile v0.0.0-20200714003250-2b9c44734f2b h1:C8S2+VttkHFdOOCXJe+YGfa4vHYwlt4Zx+IVXQ97jYg=
github.com/jackc/pgtype v1.8.1 h1:9k0IXtdJXHJbyAWQgbWr1lU+MEhPXZz6RIXxfR5oxXs=
github.com/jackc/pgx/v4 v4.13.0 h1:JCjhT5vmhMAf/YwBHLvrBn4OGdIQBiFG6ym8Zmdx570=
golang.org/x/crypto v0.0.0-20210711020723-a769d52b0f97 h1:/UOmuWzQfxxo9UtlXMwuQU8CMgg1eZXqTRwkSQJWKOI=
golang.org/x/text v0.3.6 h1:aRYxNxv6iGQlyVaZmk6ZgYEDa+Jg18DxebPSrd6bg1M=
